{
  "originHash" : "c589e92bbbc43e130297015afee453229f1d486253008b4fe1b2991d30d58774",
  "pins" : [
    {
      "identity" : "konkyo",
      "kind" : "remoteSourceControl",
      "location" : "https://github.com/Machx/Konkyo.git",
      "state" : {
        "revision" : "ff164f0b2cc26c04b5de34473799b7523ab0b8f7",
        "version" : "0.5.2"
      }
    }
  ],
  "version" : 3
}
