{
  "originHash" : "4cf627c1624746c394e31daa926b894f9dc024a53d8f27e34cb9b6971320f5b5",
  "pins" : [
    {
      "identity" : "konkyo",
      "kind" : "remoteSourceControl",
      "location" : "https://github.com/Machx/Konkyo.git",
      "state" : {
        "branch" : "main",
        "revision" : "4373b296a9f37f2509882db1de7609a138955af9"
      }
    }
  ],
  "version" : 3
}
