{
  "originHash" : "1297161ddff5d3061d4db8f3f9dad7db7b6fe202a6fb23adf19df5778c7f8951",
  "pins" : [
    {
      "identity" : "konkyo",
      "kind" : "remoteSourceControl",
      "location" : "https://github.com/Machx/Konkyo.git",
      "state" : {
        "revision" : "ff164f0b2cc26c04b5de34473799b7523ab0b8f7",
        "version" : "0.5.2"
      }
    }
  ],
  "version" : 3
}
